PODS:
  - Bolts/Tasks (1.1.5)
  - JVFloatingDrawer (0.1.0)
  - OCMock (3.1.2)
  - Parse (1.7.4):
    - Bolts/Tasks (>= 1.1.5)
  - ParseCrashReporting (1.7.4):
    - Bolts/Tasks (>= 1.1.5)
    - Parse (~> 1.7.4)

DEPENDENCIES:
  - JVFloatingDrawer (~> 0.1)
  - OCMock (~> 3.1)
  - Parse (~> 1.6)
  - ParseCrashReporting (~> 1.6)

SPEC CHECKSUMS:
  Bolts: aac24961496d504aa56fc267cde95162a71bac39
  JVFloatingDrawer: 4782b1df21411aef2c1818f3b346cace02cc2e24
  OCMock: a10ea9f0a6e921651f96f78b6faee95ebc813b92
  Parse: 6ca512c6e860b66739c95151b2f76ac4712b7842
  ParseCrashReporting: 0cff3a2720d6e977fff1bdd64e6d3ea94528e170

COCOAPODS: 0.37.2
