PODS:
  - Bolts/Tasks (1.2.1)
  - JVFloatingDrawer (0.1.0)
  - OCMock (3.1.5)
  - Parse (1.8.2):
    - Bolts/Tasks (>= 1.2.1)
  - ParseCrashReporting (1.8.2):
    - Bolts/Tasks (>= 1.2.1)
    - Parse (~> 1.8.2)

DEPENDENCIES:
  - JVFloatingDrawer
  - OCMock
  - Parse
  - ParseCrashReporting

SPEC CHECKSUMS:
  Bolts: 7686a5cb204d1ac54cee26f12d9b7622db3f80d1
  JVFloatingDrawer: 4782b1df21411aef2c1818f3b346cace02cc2e24
  OCMock: 4c2925291f80407c3738dd1db14d21d0cc278864
  Parse: 188601c6cd91fae55906badd283b513104a3a8c9
  ParseCrashReporting: 437b722377462faaeba60ffde23af95fcc486c28

COCOAPODS: 0.38.2
