// !$*UTF8*$!
{
	archiveVersion = 1;
	classes = {
	};
	objectVersion = 47;
	objects = {

/* Begin PBXBuildFile section */
		1703257D18A478230026A4BC /* SettingsViewController.m in Sources */ = {isa = PBXBuildFile; fileRef = 1703257C18A478230026A4BC /* SettingsViewController.m */; };
		17049E1018A0C59400052FAD /* RaceTime.m in Sources */ = {isa = PBXBuildFile; fileRef = 17049E0F18A0C59400052FAD /* RaceTime.m */; };
		1704DFFE19096A9C000079C4 /* VolumeButtons.m in Sources */ = {isa = PBXBuildFile; fileRef = 1704DFFD19096A9C000079C4 /* VolumeButtons.m */; };
		170DB3241A74CF970088DC20 /* Tutorial.m in Sources */ = {isa = PBXBuildFile; fileRef = 170DB3231A74CF970088DC20 /* Tutorial.m */; };
		170DB3261A74DB9E0088DC20 /* TutorialTests.m in Sources */ = {isa = PBXBuildFile; fileRef = 170DB3251A74DB9E0088DC20 /* TutorialTests.m */; };
		170E7A041A4E7C9B00393022 /* Tutorial1.xib in Resources */ = {isa = PBXBuildFile; fileRef = 170E7A031A4E7C9B00393022 /* Tutorial1.xib */; };
		170E7A0C1A4E86C900393022 /* Tutorial2.xib in Resources */ = {isa = PBXBuildFile; fileRef = 170E7A0B1A4E86C900393022 /* Tutorial2.xib */; };
		170E7A0E1A4E893100393022 /* Tutorial3.xib in Resources */ = {isa = PBXBuildFile; fileRef = 170E7A0D1A4E893100393022 /* Tutorial3.xib */; };
		170E7A111A4F060900393022 /* StoryboardTrackCoachViewControllerTests.m in Sources */ = {isa = PBXBuildFile; fileRef = 170E7A101A4F060900393022 /* StoryboardTrackCoachViewControllerTests.m */; };
		17261BEF1A6F4277005925F4 /* JVLeftDrawerTableViewCell.m in Sources */ = {isa = PBXBuildFile; fileRef = 17261BEC1A6F4277005925F4 /* JVLeftDrawerTableViewCell.m */; };
		17261BF01A6F4277005925F4 /* JVLeftDrawerTableViewController.m in Sources */ = {isa = PBXBuildFile; fileRef = 17261BEE1A6F4277005925F4 /* JVLeftDrawerTableViewController.m */; };
		173207881CCC229300E88F2F /* DefaultPreferences.plist in Resources */ = {isa = PBXBuildFile; fileRef = 173207871CCC229300E88F2F /* DefaultPreferences.plist */; };
		173A7B091A6789AF00EFD155 /* TrackCoachBrainTests.m in Sources */ = {isa = PBXBuildFile; fileRef = 173A7B081A6789AF00EFD155 /* TrackCoachBrainTests.m */; };
		173A7B0B1A6793BE00EFD155 /* TrackCoachTableViewCellTests.m in Sources */ = {isa = PBXBuildFile; fileRef = 173A7B0A1A6793BE00EFD155 /* TrackCoachTableViewCellTests.m */; };
		173A7B0D1A67958D00EFD155 /* StoryboardTrackCoachTableViewCellTests.m in Sources */ = {isa = PBXBuildFile; fileRef = 173A7B0C1A67958D00EFD155 /* StoryboardTrackCoachTableViewCellTests.m */; };
		173A7B0E1A679A8900EFD155 /* TrackCoachUITests.m in Sources */ = {isa = PBXBuildFile; fileRef = 17739AC31A4D29A000EEDF34 /* TrackCoachUITests.m */; };
		175679FA1A6A255D00DEFB8F /* Default-568h@2x.png in Resources */ = {isa = PBXBuildFile; fileRef = 175679F91A6A255D00DEFB8F /* Default-568h@2x.png */; };
		1762BA3B1A4DE324006F08FE /* RaceTimeTests.m in Sources */ = {isa = PBXBuildFile; fileRef = 1762BA3A1A4DE324006F08FE /* RaceTimeTests.m */; };
		176B2F4A1A70D51F00F52407 /* LaunchScreen.storyboard in Resources */ = {isa = PBXBuildFile; fileRef = 176B2F491A70D51F00F52407 /* LaunchScreen.storyboard */; };
		1795B6341A69B46700926C16 /* VolumeButtonsTests.m in Sources */ = {isa = PBXBuildFile; fileRef = 1795B6331A69B46700926C16 /* VolumeButtonsTests.m */; };
		1798666F18CCF439002AD404 /* TrackCoachTableViewCell.m in Sources */ = {isa = PBXBuildFile; fileRef = 1798666E18CCF439002AD404 /* TrackCoachTableViewCell.m */; };
		179900F718F9027B00E626ED /* TrackCoachUI.m in Sources */ = {isa = PBXBuildFile; fileRef = 179900F618F9027B00E626ED /* TrackCoachUI.m */; };
		179A4FBE18F7985E008994AA /* TutorialViewController.m in Sources */ = {isa = PBXBuildFile; fileRef = 179A4FBA18F7985E008994AA /* TutorialViewController.m */; };
		17E11062189F571C0037E7A5 /* (null) in Resources */ = {isa = PBXBuildFile; };
		17E11074189F602C0037E7A5 /* AppIcon29x29.png in Resources */ = {isa = PBXBuildFile; fileRef = 17E11064189F602C0037E7A5 /* AppIcon29x29.png */; };
		17E11075189F602C0037E7A5 /* AppIcon29x29@2x.png in Resources */ = {isa = PBXBuildFile; fileRef = 17E11065189F602C0037E7A5 /* AppIcon29x29@2x.png */; };
		17E11076189F602C0037E7A5 /* AppIcon40x40.png in Resources */ = {isa = PBXBuildFile; fileRef = 17E11066189F602C0037E7A5 /* AppIcon40x40.png */; };
		17E11077189F602C0037E7A5 /* AppIcon40x40@2x.png in Resources */ = {isa = PBXBuildFile; fileRef = 17E11067189F602C0037E7A5 /* AppIcon40x40@2x.png */; };
		17E11078189F602C0037E7A5 /* AppIcon50x50.png in Resources */ = {isa = PBXBuildFile; fileRef = 17E11068189F602C0037E7A5 /* AppIcon50x50.png */; };
		17E11079189F602C0037E7A5 /* AppIcon50x50@2x.png in Resources */ = {isa = PBXBuildFile; fileRef = 17E11069189F602C0037E7A5 /* AppIcon50x50@2x.png */; };
		17E1107A189F602C0037E7A5 /* AppIcon57x57.png in Resources */ = {isa = PBXBuildFile; fileRef = 17E1106A189F602C0037E7A5 /* AppIcon57x57.png */; };
		17E1107B189F602C0037E7A5 /* AppIcon57x57@2x.png in Resources */ = {isa = PBXBuildFile; fileRef = 17E1106B189F602C0037E7A5 /* AppIcon57x57@2x.png */; };
		17E1107C189F602C0037E7A5 /* AppIcon60x60.png in Resources */ = {isa = PBXBuildFile; fileRef = 17E1106C189F602C0037E7A5 /* AppIcon60x60.png */; };
		17E1107D189F602C0037E7A5 /* AppIcon60x60@2x.png in Resources */ = {isa = PBXBuildFile; fileRef = 17E1106D189F602C0037E7A5 /* AppIcon60x60@2x.png */; };
		17E1107E189F602C0037E7A5 /* AppIcon72x72.png in Resources */ = {isa = PBXBuildFile; fileRef = 17E1106E189F602C0037E7A5 /* AppIcon72x72.png */; };
		17E1107F189F602C0037E7A5 /* AppIcon72x72@2x.png in Resources */ = {isa = PBXBuildFile; fileRef = 17E1106F189F602C0037E7A5 /* AppIcon72x72@2x.png */; };
		17E11080189F602C0037E7A5 /* AppIcon76x76.png in Resources */ = {isa = PBXBuildFile; fileRef = 17E11070189F602C0037E7A5 /* AppIcon76x76.png */; };
		17E11081189F602C0037E7A5 /* AppIcon76x76@2x.png in Resources */ = {isa = PBXBuildFile; fileRef = 17E11071189F602C0037E7A5 /* AppIcon76x76@2x.png */; };
		17E11082189F602C0037E7A5 /* iTunesArtwork.png in Resources */ = {isa = PBXBuildFile; fileRef = 17E11072189F602C0037E7A5 /* iTunesArtwork.png */; };
		17E11083189F602C0037E7A5 /* iTunesArtwork@2x.png in Resources */ = {isa = PBXBuildFile; fileRef = 17E11073189F602C0037E7A5 /* iTunesArtwork@2x.png */; };
		17E788DE186CD5A500AE6FED /* InfoPlist.strings in Resources */ = {isa = PBXBuildFile; fileRef = 17E788DC186CD5A500AE6FED /* InfoPlist.strings */; };
		17E788E0186CD5A500AE6FED /* main.m in Sources */ = {isa = PBXBuildFile; fileRef = 17E788DF186CD5A500AE6FED /* main.m */; };
		17E788E4186CD5A500AE6FED /* AppDelegate.m in Sources */ = {isa = PBXBuildFile; fileRef = 17E788E3186CD5A500AE6FED /* AppDelegate.m */; };
		17E788E7186CD5A500AE6FED /* Main.storyboard in Resources */ = {isa = PBXBuildFile; fileRef = 17E788E5186CD5A500AE6FED /* Main.storyboard */; };
		17E788EA186CD5A500AE6FED /* TrackCoachViewController.m in Sources */ = {isa = PBXBuildFile; fileRef = 17E788E9186CD5A500AE6FED /* TrackCoachViewController.m */; };
		17E788EC186CD5A500AE6FED /* Images.xcassets in Resources */ = {isa = PBXBuildFile; fileRef = 17E788EB186CD5A500AE6FED /* Images.xcassets */; };
		17E788F3186CD5A500AE6FED /* XCTest.framework in Frameworks */ = {isa = PBXBuildFile; fileRef = 17E788F2186CD5A500AE6FED /* XCTest.framework */; };
		17E788F4186CD5A500AE6FED /* Foundation.framework in Frameworks */ = {isa = PBXBuildFile; fileRef = 17E788D3186CD5A400AE6FED /* Foundation.framework */; };
		17E788F5186CD5A500AE6FED /* UIKit.framework in Frameworks */ = {isa = PBXBuildFile; fileRef = 17E788D7186CD5A500AE6FED /* UIKit.framework */; };
		17E788FD186CD5A500AE6FED /* InfoPlist.strings in Resources */ = {isa = PBXBuildFile; fileRef = 17E788FB186CD5A500AE6FED /* InfoPlist.strings */; };
		17F6E2B31A509DB600B8EF7F /* StoryboardSettingsViewControllerTests.m in Sources */ = {isa = PBXBuildFile; fileRef = 17F6E2B21A509DB600B8EF7F /* StoryboardSettingsViewControllerTests.m */; };
		17F6E2B61A50B06C00B8EF7F /* TrackCoachViewControllerTests.m in Sources */ = {isa = PBXBuildFile; fileRef = 17F6E2B51A50B06C00B8EF7F /* TrackCoachViewControllerTests.m */; };
		17F6E2B81A50B8B900B8EF7F /* SettingsViewControllerTests.m in Sources */ = {isa = PBXBuildFile; fileRef = 17F6E2B71A50B8B900B8EF7F /* SettingsViewControllerTests.m */; };
		17F6E2BA1A510E0100B8EF7F /* AppDelegateTests.m in Sources */ = {isa = PBXBuildFile; fileRef = 17F6E2B91A510E0000B8EF7F /* AppDelegateTests.m */; };
		17FAD50918A1E24600DC136A /* TrackCoachBrain.m in Sources */ = {isa = PBXBuildFile; fileRef = 17FAD50818A1E24600DC136A /* TrackCoachBrain.m */; };
		D8E0EB7C80D8C384F92F8CDB /* Pods_TrackCoachTests.framework in Frameworks */ = {isa = PBXBuildFile; fileRef = CD2CC35E1415EA33A440DDB3 /* Pods_TrackCoachTests.framework */; };
		EABA8C2929BF8A3196128F2F /* Pods_TrackCoach.framework in Frameworks */ = {isa = PBXBuildFile; fileRef = E8EB4EBD5B475C45507D6BEE /* Pods_TrackCoach.framework */; };
/* End PBXBuildFile section */

/* Begin PBXContainerItemProxy section */
		17E788F6186CD5A500AE6FED /* PBXContainerItemProxy */ = {
			isa = PBXContainerItemProxy;
			containerPortal = 17E788C8186CD5A400AE6FED /* Project object */;
			proxyType = 1;
			remoteGlobalIDString = 17E788CF186CD5A400AE6FED;
			remoteInfo = TrackCoach;
		};
/* End PBXContainerItemProxy section */

/* Begin PBXFileReference section */
		1703257B18A478230026A4BC /* SettingsViewController.h */ = {isa = PBXFileReference; fileEncoding = 4; lastKnownFileType = sourcecode.c.h; path = SettingsViewController.h; sourceTree = "<group>"; };
		1703257C18A478230026A4BC /* SettingsViewController.m */ = {isa = PBXFileReference; fileEncoding = 4; lastKnownFileType = sourcecode.c.objc; path = SettingsViewController.m; sourceTree = "<group>"; };
		17049E0E18A0C59400052FAD /* RaceTime.h */ = {isa = PBXFileReference; fileEncoding = 4; lastKnownFileType = sourcecode.c.h; path = RaceTime.h; sourceTree = "<group>"; };
		17049E0F18A0C59400052FAD /* RaceTime.m */ = {isa = PBXFileReference; fileEncoding = 4; lastKnownFileType = sourcecode.c.objc; path = RaceTime.m; sourceTree = "<group>"; };
		1704DFFC19096A9C000079C4 /* VolumeButtons.h */ = {isa = PBXFileReference; fileEncoding = 4; lastKnownFileType = sourcecode.c.h; path = VolumeButtons.h; sourceTree = "<group>"; };
		1704DFFD19096A9C000079C4 /* VolumeButtons.m */ = {isa = PBXFileReference; fileEncoding = 4; lastKnownFileType = sourcecode.c.objc; path = VolumeButtons.m; sourceTree = "<group>"; };
		1705838E1A9A9FA700C931E1 /* AudioToolbox.framework */ = {isa = PBXFileReference; lastKnownFileType = wrapper.framework; name = AudioToolbox.framework; path = System/Library/Frameworks/AudioToolbox.framework; sourceTree = SDKROOT; };
		170583901A9A9FB400C931E1 /* CFNetwork.framework */ = {isa = PBXFileReference; lastKnownFileType = wrapper.framework; name = CFNetwork.framework; path = System/Library/Frameworks/CFNetwork.framework; sourceTree = SDKROOT; };
		170583931A9A9FC300C931E1 /* CoreLocation.framework */ = {isa = PBXFileReference; lastKnownFileType = wrapper.framework; name = CoreLocation.framework; path = System/Library/Frameworks/CoreLocation.framework; sourceTree = SDKROOT; };
		170583951A9A9FCA00C931E1 /* MobileCoreServices.framework */ = {isa = PBXFileReference; lastKnownFileType = wrapper.framework; name = MobileCoreServices.framework; path = System/Library/Frameworks/MobileCoreServices.framework; sourceTree = SDKROOT; };
		170583971A9A9FD400C931E1 /* QuartzCore.framework */ = {isa = PBXFileReference; lastKnownFileType = wrapper.framework; name = QuartzCore.framework; path = System/Library/Frameworks/QuartzCore.framework; sourceTree = SDKROOT; };
		170583991A9A9FDB00C931E1 /* Security.framework */ = {isa = PBXFileReference; lastKnownFileType = wrapper.framework; name = Security.framework; path = System/Library/Frameworks/Security.framework; sourceTree = SDKROOT; };
		1705839B1A9A9FE100C931E1 /* StoreKit.framework */ = {isa = PBXFileReference; lastKnownFileType = wrapper.framework; name = StoreKit.framework; path = System/Library/Frameworks/StoreKit.framework; sourceTree = SDKROOT; };
		1705839D1A9A9FE800C931E1 /* SystemConfiguration.framework */ = {isa = PBXFileReference; lastKnownFileType = wrapper.framework; name = SystemConfiguration.framework; path = System/Library/Frameworks/SystemConfiguration.framework; sourceTree = SDKROOT; };
		170583A01A9A9FF800C931E1 /* libsqlite3.dylib */ = {isa = PBXFileReference; lastKnownFileType = "compiled.mach-o.dylib"; name = libsqlite3.dylib; path = usr/lib/libsqlite3.dylib; sourceTree = SDKROOT; };
		170583A21A9AA3F600C931E1 /* libstdc++.6.dylib */ = {isa = PBXFileReference; lastKnownFileType = "compiled.mach-o.dylib"; name = "libstdc++.6.dylib"; path = "usr/lib/libstdc++.6.dylib"; sourceTree = SDKROOT; };
		170DB3221A74CF970088DC20 /* Tutorial.h */ = {isa = PBXFileReference; fileEncoding = 4; lastKnownFileType = sourcecode.c.h; path = Tutorial.h; sourceTree = "<group>"; };
		170DB3231A74CF970088DC20 /* Tutorial.m */ = {isa = PBXFileReference; fileEncoding = 4; lastKnownFileType = sourcecode.c.objc; path = Tutorial.m; sourceTree = "<group>"; };
		170DB3251A74DB9E0088DC20 /* TutorialTests.m */ = {isa = PBXFileReference; fileEncoding = 4; lastKnownFileType = sourcecode.c.objc; path = TutorialTests.m; sourceTree = "<group>"; };
		170E7A031A4E7C9B00393022 /* Tutorial1.xib */ = {isa = PBXFileReference; fileEncoding = 4; lastKnownFileType = file.xib; path = Tutorial1.xib; sourceTree = "<group>"; };
		170E7A0B1A4E86C900393022 /* Tutorial2.xib */ = {isa = PBXFileReference; fileEncoding = 4; lastKnownFileType = file.xib; path = Tutorial2.xib; sourceTree = "<group>"; };
		170E7A0D1A4E893100393022 /* Tutorial3.xib */ = {isa = PBXFileReference; fileEncoding = 4; lastKnownFileType = file.xib; path = Tutorial3.xib; sourceTree = "<group>"; };
		170E7A101A4F060900393022 /* StoryboardTrackCoachViewControllerTests.m */ = {isa = PBXFileReference; fileEncoding = 4; lastKnownFileType = sourcecode.c.objc; path = StoryboardTrackCoachViewControllerTests.m; sourceTree = "<group>"; };
		1712333218F90E3A00DC58CD /* Defines.h */ = {isa = PBXFileReference; fileEncoding = 4; lastKnownFileType = sourcecode.c.h; path = Defines.h; sourceTree = "<group>"; };
		17261BEB1A6F4277005925F4 /* JVLeftDrawerTableViewCell.h */ = {isa = PBXFileReference; fileEncoding = 4; lastKnownFileType = sourcecode.c.h; path = JVLeftDrawerTableViewCell.h; sourceTree = "<group>"; };
		17261BEC1A6F4277005925F4 /* JVLeftDrawerTableViewCell.m */ = {isa = PBXFileReference; fileEncoding = 4; lastKnownFileType = sourcecode.c.objc; path = JVLeftDrawerTableViewCell.m; sourceTree = "<group>"; };
		17261BED1A6F4277005925F4 /* JVLeftDrawerTableViewController.h */ = {isa = PBXFileReference; fileEncoding = 4; lastKnownFileType = sourcecode.c.h; path = JVLeftDrawerTableViewController.h; sourceTree = "<group>"; };
		17261BEE1A6F4277005925F4 /* JVLeftDrawerTableViewController.m */ = {isa = PBXFileReference; fileEncoding = 4; lastKnownFileType = sourcecode.c.objc; path = JVLeftDrawerTableViewController.m; sourceTree = "<group>"; };
		173207871CCC229300E88F2F /* DefaultPreferences.plist */ = {isa = PBXFileReference; fileEncoding = 4; lastKnownFileType = text.plist.xml; path = DefaultPreferences.plist; sourceTree = "<group>"; };
		173A7B081A6789AF00EFD155 /* TrackCoachBrainTests.m */ = {isa = PBXFileReference; fileEncoding = 4; lastKnownFileType = sourcecode.c.objc; path = TrackCoachBrainTests.m; sourceTree = "<group>"; };
		173A7B0A1A6793BE00EFD155 /* TrackCoachTableViewCellTests.m */ = {isa = PBXFileReference; fileEncoding = 4; lastKnownFileType = sourcecode.c.objc; path = TrackCoachTableViewCellTests.m; sourceTree = "<group>"; };
		173A7B0C1A67958D00EFD155 /* StoryboardTrackCoachTableViewCellTests.m */ = {isa = PBXFileReference; fileEncoding = 4; lastKnownFileType = sourcecode.c.objc; path = StoryboardTrackCoachTableViewCellTests.m; sourceTree = "<group>"; };
		175679F91A6A255D00DEFB8F /* Default-568h@2x.png */ = {isa = PBXFileReference; lastKnownFileType = image.png; name = "Default-568h@2x.png"; path = "../Default-568h@2x.png"; sourceTree = "<group>"; };
		1762BA3A1A4DE324006F08FE /* RaceTimeTests.m */ = {isa = PBXFileReference; fileEncoding = 4; lastKnownFileType = sourcecode.c.objc; path = RaceTimeTests.m; sourceTree = "<group>"; };
		176B2F491A70D51F00F52407 /* LaunchScreen.storyboard */ = {isa = PBXFileReference; fileEncoding = 4; lastKnownFileType = file.storyboard; name = LaunchScreen.storyboard; path = ../LaunchScreen.storyboard; sourceTree = "<group>"; };
		17739AC31A4D29A000EEDF34 /* TrackCoachUITests.m */ = {isa = PBXFileReference; fileEncoding = 4; lastKnownFileType = sourcecode.c.objc; path = TrackCoachUITests.m; sourceTree = "<group>"; };
		17828B9B187A1C3D0063535E /* libz.dylib */ = {isa = PBXFileReference; lastKnownFileType = "compiled.mach-o.dylib"; name = libz.dylib; path = usr/lib/libz.dylib; sourceTree = SDKROOT; };
		1795B6331A69B46700926C16 /* VolumeButtonsTests.m */ = {isa = PBXFileReference; fileEncoding = 4; lastKnownFileType = sourcecode.c.objc; path = VolumeButtonsTests.m; sourceTree = "<group>"; };
		1798666D18CCF439002AD404 /* TrackCoachTableViewCell.h */ = {isa = PBXFileReference; fileEncoding = 4; lastKnownFileType = sourcecode.c.h; path = TrackCoachTableViewCell.h; sourceTree = "<group>"; };
		1798666E18CCF439002AD404 /* TrackCoachTableViewCell.m */ = {isa = PBXFileReference; fileEncoding = 4; lastKnownFileType = sourcecode.c.objc; path = TrackCoachTableViewCell.m; sourceTree = "<group>"; };
		179900F518F9027B00E626ED /* TrackCoachUI.h */ = {isa = PBXFileReference; fileEncoding = 4; lastKnownFileType = sourcecode.c.h; path = TrackCoachUI.h; sourceTree = "<group>"; };
		179900F618F9027B00E626ED /* TrackCoachUI.m */ = {isa = PBXFileReference; fileEncoding = 4; lastKnownFileType = sourcecode.c.objc; path = TrackCoachUI.m; sourceTree = "<group>"; };
		179A4FB918F7985E008994AA /* TutorialViewController.h */ = {isa = PBXFileReference; fileEncoding = 4; lastKnownFileType = sourcecode.c.h; path = TutorialViewController.h; sourceTree = "<group>"; };
		179A4FBA18F7985E008994AA /* TutorialViewController.m */ = {isa = PBXFileReference; fileEncoding = 4; lastKnownFileType = sourcecode.c.objc; path = TutorialViewController.m; sourceTree = "<group>"; };
		17E11064189F602C0037E7A5 /* AppIcon29x29.png */ = {isa = PBXFileReference; lastKnownFileType = image.png; path = AppIcon29x29.png; sourceTree = "<group>"; };
		17E11065189F602C0037E7A5 /* AppIcon29x29@2x.png */ = {isa = PBXFileReference; lastKnownFileType = image.png; path = "AppIcon29x29@2x.png"; sourceTree = "<group>"; };
		17E11066189F602C0037E7A5 /* AppIcon40x40.png */ = {isa = PBXFileReference; lastKnownFileType = image.png; path = AppIcon40x40.png; sourceTree = "<group>"; };
		17E11067189F602C0037E7A5 /* AppIcon40x40@2x.png */ = {isa = PBXFileReference; lastKnownFileType = image.png; path = "AppIcon40x40@2x.png"; sourceTree = "<group>"; };
		17E11068189F602C0037E7A5 /* AppIcon50x50.png */ = {isa = PBXFileReference; lastKnownFileType = image.png; path = AppIcon50x50.png; sourceTree = "<group>"; };
		17E11069189F602C0037E7A5 /* AppIcon50x50@2x.png */ = {isa = PBXFileReference; lastKnownFileType = image.png; path = "AppIcon50x50@2x.png"; sourceTree = "<group>"; };
		17E1106A189F602C0037E7A5 /* AppIcon57x57.png */ = {isa = PBXFileReference; lastKnownFileType = image.png; path = AppIcon57x57.png; sourceTree = "<group>"; };
		17E1106B189F602C0037E7A5 /* AppIcon57x57@2x.png */ = {isa = PBXFileReference; lastKnownFileType = image.png; path = "AppIcon57x57@2x.png"; sourceTree = "<group>"; };
		17E1106C189F602C0037E7A5 /* AppIcon60x60.png */ = {isa = PBXFileReference; lastKnownFileType = image.png; path = AppIcon60x60.png; sourceTree = "<group>"; };
		17E1106D189F602C0037E7A5 /* AppIcon60x60@2x.png */ = {isa = PBXFileReference; lastKnownFileType = image.png; path = "AppIcon60x60@2x.png"; sourceTree = "<group>"; };
		17E1106E189F602C0037E7A5 /* AppIcon72x72.png */ = {isa = PBXFileReference; lastKnownFileType = image.png; path = AppIcon72x72.png; sourceTree = "<group>"; };
		17E1106F189F602C0037E7A5 /* AppIcon72x72@2x.png */ = {isa = PBXFileReference; lastKnownFileType = image.png; path = "AppIcon72x72@2x.png"; sourceTree = "<group>"; };
		17E11070189F602C0037E7A5 /* AppIcon76x76.png */ = {isa = PBXFileReference; lastKnownFileType = image.png; path = AppIcon76x76.png; sourceTree = "<group>"; };
		17E11071189F602C0037E7A5 /* AppIcon76x76@2x.png */ = {isa = PBXFileReference; lastKnownFileType = image.png; path = "AppIcon76x76@2x.png"; sourceTree = "<group>"; };
		17E11072189F602C0037E7A5 /* iTunesArtwork.png */ = {isa = PBXFileReference; lastKnownFileType = image.png; path = iTunesArtwork.png; sourceTree = "<group>"; };
		17E11073189F602C0037E7A5 /* iTunesArtwork@2x.png */ = {isa = PBXFileReference; lastKnownFileType = image.png; path = "iTunesArtwork@2x.png"; sourceTree = "<group>"; };
		17E788D0186CD5A400AE6FED /* TrackCoach.app */ = {isa = PBXFileReference; explicitFileType = wrapper.application; includeInIndex = 0; path = TrackCoach.app; sourceTree = BUILT_PRODUCTS_DIR; };
		17E788D3186CD5A400AE6FED /* Foundation.framework */ = {isa = PBXFileReference; lastKnownFileType = wrapper.framework; name = Foundation.framework; path = System/Library/Frameworks/Foundation.framework; sourceTree = SDKROOT; };
		17E788D5186CD5A500AE6FED /* CoreGraphics.framework */ = {isa = PBXFileReference; lastKnownFileType = wrapper.framework; name = CoreGraphics.framework; path = System/Library/Frameworks/CoreGraphics.framework; sourceTree = SDKROOT; };
		17E788D7186CD5A500AE6FED /* UIKit.framework */ = {isa = PBXFileReference; lastKnownFileType = wrapper.framework; name = UIKit.framework; path = System/Library/Frameworks/UIKit.framework; sourceTree = SDKROOT; };
		17E788DB186CD5A500AE6FED /* TrackCoach-Info.plist */ = {isa = PBXFileReference; lastKnownFileType = text.plist.xml; path = "TrackCoach-Info.plist"; sourceTree = "<group>"; };
		17E788DD186CD5A500AE6FED /* en */ = {isa = PBXFileReference; lastKnownFileType = text.plist.strings; name = en; path = en.lproj/InfoPlist.strings; sourceTree = "<group>"; };
		17E788DF186CD5A500AE6FED /* main.m */ = {isa = PBXFileReference; lastKnownFileType = sourcecode.c.objc; path = main.m; sourceTree = "<group>"; };
		17E788E1186CD5A500AE6FED /* TrackCoach-Prefix.pch */ = {isa = PBXFileReference; lastKnownFileType = sourcecode.c.h; path = "TrackCoach-Prefix.pch"; sourceTree = "<group>"; };
		17E788E2186CD5A500AE6FED /* AppDelegate.h */ = {isa = PBXFileReference; lastKnownFileType = sourcecode.c.h; path = AppDelegate.h; sourceTree = "<group>"; };
		17E788E3186CD5A500AE6FED /* AppDelegate.m */ = {isa = PBXFileReference; lastKnownFileType = sourcecode.c.objc; path = AppDelegate.m; sourceTree = "<group>"; };
		17E788E6186CD5A500AE6FED /* Base */ = {isa = PBXFileReference; lastKnownFileType = file.storyboard; name = Base; path = Base.lproj/Main.storyboard; sourceTree = "<group>"; };
		17E788E8186CD5A500AE6FED /* TrackCoachViewController.h */ = {isa = PBXFileReference; lastKnownFileType = sourcecode.c.h; path = TrackCoachViewController.h; sourceTree = "<group>"; };
		17E788E9186CD5A500AE6FED /* TrackCoachViewController.m */ = {isa = PBXFileReference; lastKnownFileType = sourcecode.c.objc; path = TrackCoachViewController.m; sourceTree = "<group>"; };
		17E788EB186CD5A500AE6FED /* Images.xcassets */ = {isa = PBXFileReference; lastKnownFileType = folder.assetcatalog; path = Images.xcassets; sourceTree = "<group>"; };
		17E788F1186CD5A500AE6FED /* TrackCoachTests.xctest */ = {isa = PBXFileReference; explicitFileType = wrapper.cfbundle; includeInIndex = 0; path = TrackCoachTests.xctest; sourceTree = BUILT_PRODUCTS_DIR; };
		17E788F2186CD5A500AE6FED /* XCTest.framework */ = {isa = PBXFileReference; lastKnownFileType = wrapper.framework; name = XCTest.framework; path = Library/Frameworks/XCTest.framework; sourceTree = DEVELOPER_DIR; };
		17E788FA186CD5A500AE6FED /* TrackCoachTests-Info.plist */ = {isa = PBXFileReference; lastKnownFileType = text.plist.xml; path = "TrackCoachTests-Info.plist"; sourceTree = "<group>"; };
		17E788FC186CD5A500AE6FED /* en */ = {isa = PBXFileReference; lastKnownFileType = text.plist.strings; name = en; path = en.lproj/InfoPlist.strings; sourceTree = "<group>"; };
		17F6E2B21A509DB600B8EF7F /* StoryboardSettingsViewControllerTests.m */ = {isa = PBXFileReference; fileEncoding = 4; lastKnownFileType = sourcecode.c.objc; path = StoryboardSettingsViewControllerTests.m; sourceTree = "<group>"; };
		17F6E2B51A50B06C00B8EF7F /* TrackCoachViewControllerTests.m */ = {isa = PBXFileReference; fileEncoding = 4; lastKnownFileType = sourcecode.c.objc; path = TrackCoachViewControllerTests.m; sourceTree = "<group>"; };
		17F6E2B71A50B8B900B8EF7F /* SettingsViewControllerTests.m */ = {isa = PBXFileReference; fileEncoding = 4; lastKnownFileType = sourcecode.c.objc; path = SettingsViewControllerTests.m; sourceTree = "<group>"; };
		17F6E2B91A510E0000B8EF7F /* AppDelegateTests.m */ = {isa = PBXFileReference; fileEncoding = 4; lastKnownFileType = sourcecode.c.objc; path = AppDelegateTests.m; sourceTree = "<group>"; };
		17FAD50718A1E24600DC136A /* TrackCoachBrain.h */ = {isa = PBXFileReference; fileEncoding = 4; lastKnownFileType = sourcecode.c.h; path = TrackCoachBrain.h; sourceTree = "<group>"; };
		17FAD50818A1E24600DC136A /* TrackCoachBrain.m */ = {isa = PBXFileReference; fileEncoding = 4; lastKnownFileType = sourcecode.c.objc; path = TrackCoachBrain.m; sourceTree = "<group>"; };
		28C694AE9A258E71BFEC113F /* Pods-TrackCoachTests.release.xcconfig */ = {isa = PBXFileReference; includeInIndex = 1; lastKnownFileType = text.xcconfig; name = "Pods-TrackCoachTests.release.xcconfig"; path = "Pods/Target Support Files/Pods-TrackCoachTests/Pods-TrackCoachTests.release.xcconfig"; sourceTree = "<group>"; };
		2CF4389947D99FDFADFCB49C /* Pods-TrackCoach.debug.xcconfig */ = {isa = PBXFileReference; includeInIndex = 1; lastKnownFileType = text.xcconfig; name = "Pods-TrackCoach.debug.xcconfig"; path = "Pods/Target Support Files/Pods-TrackCoach/Pods-TrackCoach.debug.xcconfig"; sourceTree = "<group>"; };
		CD2CC35E1415EA33A440DDB3 /* Pods_TrackCoachTests.framework */ = {isa = PBXFileReference; explicitFileType = wrapper.framework; includeInIndex = 0; path = Pods_TrackCoachTests.framework; sourceTree = BUILT_PRODUCTS_DIR; };
		CF39D8E23E9DF0B5D7318ABF /* Pods-TrackCoachTests.debug.xcconfig */ = {isa = PBXFileReference; includeInIndex = 1; lastKnownFileType = text.xcconfig; name = "Pods-TrackCoachTests.debug.xcconfig"; path = "Pods/Target Support Files/Pods-TrackCoachTests/Pods-TrackCoachTests.debug.xcconfig"; sourceTree = "<group>"; };
		E8EB4EBD5B475C45507D6BEE /* Pods_TrackCoach.framework */ = {isa = PBXFileReference; explicitFileType = wrapper.framework; includeInIndex = 0; path = Pods_TrackCoach.framework; sourceTree = BUILT_PRODUCTS_DIR; };
		F12E601BF590B9B6B7CB12FB /* Pods-TrackCoach.release.xcconfig */ = {isa = PBXFileReference; includeInIndex = 1; lastKnownFileType = text.xcconfig; name = "Pods-TrackCoach.release.xcconfig"; path = "Pods/Target Support Files/Pods-TrackCoach/Pods-TrackCoach.release.xcconfig"; sourceTree = "<group>"; };
/* End PBXFileReference section */

/* Begin PBXFrameworksBuildPhase section */
		17E788CD186CD5A400AE6FED /* Frameworks */ = {
			isa = PBXFrameworksBuildPhase;
			buildActionMask = 2147483647;
			files = (
				EABA8C2929BF8A3196128F2F /* Pods_TrackCoach.framework in Frameworks */,
			);
			runOnlyForDeploymentPostprocessing = 0;
		};
		17E788EE186CD5A500AE6FED /* Frameworks */ = {
			isa = PBXFrameworksBuildPhase;
			buildActionMask = 2147483647;
			files = (
				17E788F3186CD5A500AE6FED /* XCTest.framework in Frameworks */,
				17E788F5186CD5A500AE6FED /* UIKit.framework in Frameworks */,
				17E788F4186CD5A500AE6FED /* Foundation.framework in Frameworks */,
				D8E0EB7C80D8C384F92F8CDB /* Pods_TrackCoachTests.framework in Frameworks */,
			);
			runOnlyForDeploymentPostprocessing = 0;
		};
/* End PBXFrameworksBuildPhase section */

/* Begin PBXGroup section */
		17261BEA1A6F426C005925F4 /* JVFloatingDrawer */ = {
			isa = PBXGroup;
			children = (
				17261BEB1A6F4277005925F4 /* JVLeftDrawerTableViewCell.h */,
				17261BEC1A6F4277005925F4 /* JVLeftDrawerTableViewCell.m */,
				17261BED1A6F4277005925F4 /* JVLeftDrawerTableViewController.h */,
				17261BEE1A6F4277005925F4 /* JVLeftDrawerTableViewController.m */,
			);
			name = JVFloatingDrawer;
			sourceTree = "<group>";
		};
		17739AC11A4D25C300EEDF34 /* Models */ = {
			isa = PBXGroup;
			children = (
				17049E0E18A0C59400052FAD /* RaceTime.h */,
				17049E0F18A0C59400052FAD /* RaceTime.m */,
				17FAD50718A1E24600DC136A /* TrackCoachBrain.h */,
				17FAD50818A1E24600DC136A /* TrackCoachBrain.m */,
				179900F518F9027B00E626ED /* TrackCoachUI.h */,
				179900F618F9027B00E626ED /* TrackCoachUI.m */,
			);
			name = Models;
			sourceTree = "<group>";
		};
		17739AC21A4D297B00EEDF34 /* Models */ = {
			isa = PBXGroup;
			children = (
				17739AC31A4D29A000EEDF34 /* TrackCoachUITests.m */,
				1762BA3A1A4DE324006F08FE /* RaceTimeTests.m */,
				173A7B081A6789AF00EFD155 /* TrackCoachBrainTests.m */,
			);
			name = Models;
			sourceTree = "<group>";
		};
		179A4FBF18F79879008994AA /* Tutorial */ = {
			isa = PBXGroup;
			children = (
				170DB3221A74CF970088DC20 /* Tutorial.h */,
				170DB3231A74CF970088DC20 /* Tutorial.m */,
				179A4FB918F7985E008994AA /* TutorialViewController.h */,
				179A4FBA18F7985E008994AA /* TutorialViewController.m */,
				170E7A031A4E7C9B00393022 /* Tutorial1.xib */,
				170E7A0B1A4E86C900393022 /* Tutorial2.xib */,
				170E7A0D1A4E893100393022 /* Tutorial3.xib */,
			);
			name = Tutorial;
			sourceTree = "<group>";
		};
		17E11063189F602C0037E7A5 /* App Icon [Squared] */ = {
			isa = PBXGroup;
			children = (
				17E11064189F602C0037E7A5 /* AppIcon29x29.png */,
				17E11065189F602C0037E7A5 /* AppIcon29x29@2x.png */,
				17E11066189F602C0037E7A5 /* AppIcon40x40.png */,
				17E11067189F602C0037E7A5 /* AppIcon40x40@2x.png */,
				17E11068189F602C0037E7A5 /* AppIcon50x50.png */,
				17E11069189F602C0037E7A5 /* AppIcon50x50@2x.png */,
				17E1106A189F602C0037E7A5 /* AppIcon57x57.png */,
				17E1106B189F602C0037E7A5 /* AppIcon57x57@2x.png */,
				17E1106C189F602C0037E7A5 /* AppIcon60x60.png */,
				17E1106D189F602C0037E7A5 /* AppIcon60x60@2x.png */,
				17E1106E189F602C0037E7A5 /* AppIcon72x72.png */,
				17E1106F189F602C0037E7A5 /* AppIcon72x72@2x.png */,
				17E11070189F602C0037E7A5 /* AppIcon76x76.png */,
				17E11071189F602C0037E7A5 /* AppIcon76x76@2x.png */,
				17E11072189F602C0037E7A5 /* iTunesArtwork.png */,
				17E11073189F602C0037E7A5 /* iTunesArtwork@2x.png */,
			);
			path = "App Icon [Squared]";
			sourceTree = "<group>";
		};
		17E788C7186CD5A400AE6FED = {
			isa = PBXGroup;
			children = (
				17E788D9186CD5A500AE6FED /* TrackCoach */,
				17E788F8186CD5A500AE6FED /* TrackCoachTests */,
				17E788D2186CD5A400AE6FED /* Frameworks */,
				17E788D1186CD5A400AE6FED /* Products */,
				5D232C75DD458FCFD5B179C0 /* Pods */,
			);
			sourceTree = "<group>";
		};
		17E788D1186CD5A400AE6FED /* Products */ = {
			isa = PBXGroup;
			children = (
				17E788D0186CD5A400AE6FED /* TrackCoach.app */,
				17E788F1186CD5A500AE6FED /* TrackCoachTests.xctest */,
			);
			name = Products;
			sourceTree = "<group>";
		};
		17E788D2186CD5A400AE6FED /* Frameworks */ = {
			isa = PBXGroup;
			children = (
				170583A21A9AA3F600C931E1 /* libstdc++.6.dylib */,
				170583A01A9A9FF800C931E1 /* libsqlite3.dylib */,
				1705839D1A9A9FE800C931E1 /* SystemConfiguration.framework */,
				1705839B1A9A9FE100C931E1 /* StoreKit.framework */,
				170583991A9A9FDB00C931E1 /* Security.framework */,
				170583971A9A9FD400C931E1 /* QuartzCore.framework */,
				170583951A9A9FCA00C931E1 /* MobileCoreServices.framework */,
				170583931A9A9FC300C931E1 /* CoreLocation.framework */,
				170583901A9A9FB400C931E1 /* CFNetwork.framework */,
				1705838E1A9A9FA700C931E1 /* AudioToolbox.framework */,
				17828B9B187A1C3D0063535E /* libz.dylib */,
				17E788D3186CD5A400AE6FED /* Foundation.framework */,
				17E788D5186CD5A500AE6FED /* CoreGraphics.framework */,
				17E788D7186CD5A500AE6FED /* UIKit.framework */,
				17E788F2186CD5A500AE6FED /* XCTest.framework */,
				E8EB4EBD5B475C45507D6BEE /* Pods_TrackCoach.framework */,
				CD2CC35E1415EA33A440DDB3 /* Pods_TrackCoachTests.framework */,
			);
			name = Frameworks;
			sourceTree = "<group>";
		};
		17E788D9186CD5A500AE6FED /* TrackCoach */ = {
			isa = PBXGroup;
			children = (
				17E788E5186CD5A500AE6FED /* Main.storyboard */,
				176B2F491A70D51F00F52407 /* LaunchScreen.storyboard */,
				17E788E2186CD5A500AE6FED /* AppDelegate.h */,
				17E788E3186CD5A500AE6FED /* AppDelegate.m */,
				1703257B18A478230026A4BC /* SettingsViewController.h */,
				1703257C18A478230026A4BC /* SettingsViewController.m */,
				1712333218F90E3A00DC58CD /* Defines.h */,
				1798666D18CCF439002AD404 /* TrackCoachTableViewCell.h */,
				1798666E18CCF439002AD404 /* TrackCoachTableViewCell.m */,
				17E788E8186CD5A500AE6FED /* TrackCoachViewController.h */,
				17E788E9186CD5A500AE6FED /* TrackCoachViewController.m */,
				1704DFFC19096A9C000079C4 /* VolumeButtons.h */,
				1704DFFD19096A9C000079C4 /* VolumeButtons.m */,
				17261BEA1A6F426C005925F4 /* JVFloatingDrawer */,
				17739AC11A4D25C300EEDF34 /* Models */,
				179A4FBF18F79879008994AA /* Tutorial */,
				17E788EB186CD5A500AE6FED /* Images.xcassets */,
				17E788DA186CD5A500AE6FED /* Supporting Files */,
			);
			path = TrackCoach;
			sourceTree = "<group>";
		};
		17E788DA186CD5A500AE6FED /* Supporting Files */ = {
			isa = PBXGroup;
			children = (
				175679F91A6A255D00DEFB8F /* Default-568h@2x.png */,
				17E788DB186CD5A500AE6FED /* TrackCoach-Info.plist */,
				173207871CCC229300E88F2F /* DefaultPreferences.plist */,
				17E788DC186CD5A500AE6FED /* InfoPlist.strings */,
				17E788DF186CD5A500AE6FED /* main.m */,
				17E788E1186CD5A500AE6FED /* TrackCoach-Prefix.pch */,
			);
			name = "Supporting Files";
			sourceTree = "<group>";
		};
		17E788F8186CD5A500AE6FED /* TrackCoachTests */ = {
			isa = PBXGroup;
			children = (
				17F6E2B41A509DBC00B8EF7F /* Storyboard */,
				17F6E2B71A50B8B900B8EF7F /* SettingsViewControllerTests.m */,
				17F6E2B91A510E0000B8EF7F /* AppDelegateTests.m */,
				173A7B0A1A6793BE00EFD155 /* TrackCoachTableViewCellTests.m */,
				17F6E2B51A50B06C00B8EF7F /* TrackCoachViewControllerTests.m */,
				170DB3251A74DB9E0088DC20 /* TutorialTests.m */,
				1795B6331A69B46700926C16 /* VolumeButtonsTests.m */,
				17739AC21A4D297B00EEDF34 /* Models */,
				17E788F9186CD5A500AE6FED /* Supporting Files */,
			);
			path = TrackCoachTests;
			sourceTree = "<group>";
		};
		17E788F9186CD5A500AE6FED /* Supporting Files */ = {
			isa = PBXGroup;
			children = (
				17E11063189F602C0037E7A5 /* App Icon [Squared] */,
				17E788FA186CD5A500AE6FED /* TrackCoachTests-Info.plist */,
				17E788FB186CD5A500AE6FED /* InfoPlist.strings */,
			);
			name = "Supporting Files";
			sourceTree = "<group>";
		};
		17F6E2B41A509DBC00B8EF7F /* Storyboard */ = {
			isa = PBXGroup;
			children = (
				170E7A101A4F060900393022 /* StoryboardTrackCoachViewControllerTests.m */,
				17F6E2B21A509DB600B8EF7F /* StoryboardSettingsViewControllerTests.m */,
				173A7B0C1A67958D00EFD155 /* StoryboardTrackCoachTableViewCellTests.m */,
			);
			name = Storyboard;
			sourceTree = "<group>";
		};
		5D232C75DD458FCFD5B179C0 /* Pods */ = {
			isa = PBXGroup;
			children = (
				2CF4389947D99FDFADFCB49C /* Pods-TrackCoach.debug.xcconfig */,
				F12E601BF590B9B6B7CB12FB /* Pods-TrackCoach.release.xcconfig */,
				CF39D8E23E9DF0B5D7318ABF /* Pods-TrackCoachTests.debug.xcconfig */,
				28C694AE9A258E71BFEC113F /* Pods-TrackCoachTests.release.xcconfig */,
			);
			name = Pods;
			sourceTree = "<group>";
		};
/* End PBXGroup section */

/* Begin PBXNativeTarget section */
		17E788CF186CD5A400AE6FED /* TrackCoach */ = {
			isa = PBXNativeTarget;
			buildConfigurationList = 17E78902186CD5A500AE6FED /* Build configuration list for PBXNativeTarget "TrackCoach" */;
			buildPhases = (
				9EE4B2F80ED39688E8ED536B /* [CP] Check Pods Manifest.lock */,
				17E788CC186CD5A400AE6FED /* Sources */,
				17E788CD186CD5A400AE6FED /* Frameworks */,
				17D59ACC18E6841D002214BC /* ShellScript */,
				17E788CE186CD5A400AE6FED /* Resources */,
				43D7F3AE2784EBA96B4C5834 /* [CP] Embed Pods Frameworks */,
			);
			buildRules = (
			);
			dependencies = (
			);
			name = TrackCoach;
			productName = TrackCoach;
			productReference = 17E788D0186CD5A400AE6FED /* TrackCoach.app */;
			productType = "com.apple.product-type.application";
		};
		17E788F0186CD5A500AE6FED /* TrackCoachTests */ = {
			isa = PBXNativeTarget;
			buildConfigurationList = 17E78905186CD5A500AE6FED /* Build configuration list for PBXNativeTarget "TrackCoachTests" */;
			buildPhases = (
				2CB305E2B650373EC63A2F70 /* [CP] Check Pods Manifest.lock */,
				17E788ED186CD5A500AE6FED /* Sources */,
				17E788EE186CD5A500AE6FED /* Frameworks */,
				17E788EF186CD5A500AE6FED /* Resources */,
				5E84EF6F8362959D10F26909 /* [CP] Embed Pods Frameworks */,
			);
			buildRules = (
			);
			dependencies = (
				17E788F7186CD5A500AE6FED /* PBXTargetDependency */,
			);
			name = TrackCoachTests;
			productName = TrackCoachTests;
			productReference = 17E788F1186CD5A500AE6FED /* TrackCoachTests.xctest */;
			productType = "com.apple.product-type.bundle.unit-test";
		};
/* End PBXNativeTarget section */

/* Begin PBXProject section */
		17E788C8186CD5A400AE6FED /* Project object */ = {
			isa = PBXProject;
			attributes = {
				CLASSPREFIX = TrackCoach;
				LastUpgradeCheck = 1100;
				ORGANIZATIONNAME = "Peter Carnesciali";
				TargetAttributes = {
					17E788CF186CD5A400AE6FED = {
						DevelopmentTeam = 4G9BHF8NH5;
						ProvisioningStyle = Automatic;
					};
					17E788F0186CD5A500AE6FED = {
						DevelopmentTeam = 4G9BHF8NH5;
						TestTargetID = 17E788CF186CD5A400AE6FED;
					};
				};
			};
			buildConfigurationList = 17E788CB186CD5A400AE6FED /* Build configuration list for PBXProject "TrackCoach" */;
			compatibilityVersion = "Xcode 6.3";
			developmentRegion = English;
			hasScannedForEncodings = 0;
			knownRegions = (
				English,
				en,
				Base,
			);
			mainGroup = 17E788C7186CD5A400AE6FED;
			productRefGroup = 17E788D1186CD5A400AE6FED /* Products */;
			projectDirPath = "";
			projectRoot = "";
			targets = (
				17E788CF186CD5A400AE6FED /* TrackCoach */,
				17E788F0186CD5A500AE6FED /* TrackCoachTests */,
			);
		};
/* End PBXProject section */

/* Begin PBXResourcesBuildPhase section */
		17E788CE186CD5A400AE6FED /* Resources */ = {
			isa = PBXResourcesBuildPhase;
			buildActionMask = 2147483647;
			files = (
				176B2F4A1A70D51F00F52407 /* LaunchScreen.storyboard in Resources */,
				17E788EC186CD5A500AE6FED /* Images.xcassets in Resources */,
				17E788DE186CD5A500AE6FED /* InfoPlist.strings in Resources */,
				170E7A041A4E7C9B00393022 /* Tutorial1.xib in Resources */,
				170E7A0E1A4E893100393022 /* Tutorial3.xib in Resources */,
				173207881CCC229300E88F2F /* DefaultPreferences.plist in Resources */,
				175679FA1A6A255D00DEFB8F /* Default-568h@2x.png in Resources */,
				17E788E7186CD5A500AE6FED /* Main.storyboard in Resources */,
				170E7A0C1A4E86C900393022 /* Tutorial2.xib in Resources */,
			);
			runOnlyForDeploymentPostprocessing = 0;
		};
		17E788EF186CD5A500AE6FED /* Resources */ = {
			isa = PBXResourcesBuildPhase;
			buildActionMask = 2147483647;
			files = (
				17E1107F189F602C0037E7A5 /* AppIcon72x72@2x.png in Resources */,
				17E11082189F602C0037E7A5 /* iTunesArtwork.png in Resources */,
				17E11077189F602C0037E7A5 /* AppIcon40x40@2x.png in Resources */,
				17E1107A189F602C0037E7A5 /* AppIcon57x57.png in Resources */,
				17E11075189F602C0037E7A5 /* AppIcon29x29@2x.png in Resources */,
				17E11062189F571C0037E7A5 /* (null) in Resources */,
				17E11078189F602C0037E7A5 /* AppIcon50x50.png in Resources */,
				17E11079189F602C0037E7A5 /* AppIcon50x50@2x.png in Resources */,
				17E1107B189F602C0037E7A5 /* AppIcon57x57@2x.png in Resources */,
				17E11076189F602C0037E7A5 /* AppIcon40x40.png in Resources */,
				17E11080189F602C0037E7A5 /* AppIcon76x76.png in Resources */,
				17E788FD186CD5A500AE6FED /* InfoPlist.strings in Resources */,
				17E11074189F602C0037E7A5 /* AppIcon29x29.png in Resources */,
				17E11083189F602C0037E7A5 /* iTunesArtwork@2x.png in Resources */,
				17E11081189F602C0037E7A5 /* AppIcon76x76@2x.png in Resources */,
				17E1107D189F602C0037E7A5 /* AppIcon60x60@2x.png in Resources */,
				17E1107C189F602C0037E7A5 /* AppIcon60x60.png in Resources */,
				17E1107E189F602C0037E7A5 /* AppIcon72x72.png in Resources */,
			);
			runOnlyForDeploymentPostprocessing = 0;
		};
/* End PBXResourcesBuildPhase section */

/* Begin PBXShellScriptBuildPhase section */
		17D59ACC18E6841D002214BC /* ShellScript */ = {
			isa = PBXShellScriptBuildPhase;
			buildActionMask = 2147483647;
			files = (
			);
			inputPaths = (
			);
			outputPaths = (
			);
			runOnlyForDeploymentPostprocessing = 0;
			shellPath = /bin/bash;
			shellScript = "";
		};
		2CB305E2B650373EC63A2F70 /* [CP] Check Pods Manifest.lock */ = {
			isa = PBXShellScriptBuildPhase;
			buildActionMask = 2147483647;
			files = (
			);
			inputPaths = (
				"${PODS_PODFILE_DIR_PATH}/Podfile.lock",
				"${PODS_ROOT}/Manifest.lock",
			);
			name = "[CP] Check Pods Manifest.lock";
			outputPaths = (
				"$(DERIVED_FILE_DIR)/Pods-TrackCoachTests-checkManifestLockResult.txt",
			);
			runOnlyForDeploymentPostprocessing = 0;
			shellPath = /bin/sh;
			shellScript = "diff \"${PODS_PODFILE_DIR_PATH}/Podfile.lock\" \"${PODS_ROOT}/Manifest.lock\" > /dev/null\nif [ $? != 0 ] ; then\n    # print error to STDERR\n    echo \"error: The sandbox is not in sync with the Podfile.lock. Run 'pod install' or update your CocoaPods installation.\" >&2\n    exit 1\nfi\n# This output is used by Xcode 'outputs' to avoid re-running this script phase.\necho \"SUCCESS\" > \"${SCRIPT_OUTPUT_FILE_0}\"\n";
			showEnvVarsInLog = 0;
		};
		43D7F3AE2784EBA96B4C5834 /* [CP] Embed Pods Frameworks */ = {
			isa = PBXShellScriptBuildPhase;
			buildActionMask = 2147483647;
			files = (
			);
			inputPaths = (
				"${PODS_ROOT}/Target Support Files/Pods-TrackCoach/Pods-TrackCoach-frameworks.sh",
				"${BUILT_PRODUCTS_DIR}/JVFloatingDrawer/JVFloatingDrawer.framework",
			);
			name = "[CP] Embed Pods Frameworks";
			outputPaths = (
				"${TARGET_BUILD_DIR}/${FRAMEWORKS_FOLDER_PATH}/JVFloatingDrawer.framework",
			);
			runOnlyForDeploymentPostprocessing = 0;
			shellPath = /bin/sh;
			shellScript = "\"${PODS_ROOT}/Target Support Files/Pods-TrackCoach/Pods-TrackCoach-frameworks.sh\"\n";
			showEnvVarsInLog = 0;
		};
		5E84EF6F8362959D10F26909 /* [CP] Embed Pods Frameworks */ = {
			isa = PBXShellScriptBuildPhase;
			buildActionMask = 2147483647;
			files = (
			);
			inputPaths = (
				"${PODS_ROOT}/Target Support Files/Pods-TrackCoachTests/Pods-TrackCoachTests-frameworks.sh",
				"${BUILT_PRODUCTS_DIR}/OCMock/OCMock.framework",
			);
			name = "[CP] Embed Pods Frameworks";
			outputPaths = (
				"${TARGET_BUILD_DIR}/${FRAMEWORKS_FOLDER_PATH}/OCMock.framework",
			);
			runOnlyForDeploymentPostprocessing = 0;
			shellPath = /bin/sh;
			shellScript = "\"${PODS_ROOT}/Target Support Files/Pods-TrackCoachTests/Pods-TrackCoachTests-frameworks.sh\"\n";
			showEnvVarsInLog = 0;
		};
		9EE4B2F80ED39688E8ED536B /* [CP] Check Pods Manifest.lock */ = {
			isa = PBXShellScriptBuildPhase;
			buildActionMask = 2147483647;
			files = (
			);
			inputPaths = (
				"${PODS_PODFILE_DIR_PATH}/Podfile.lock",
				"${PODS_ROOT}/Manifest.lock",
			);
			name = "[CP] Check Pods Manifest.lock";
			outputPaths = (
				"$(DERIVED_FILE_DIR)/Pods-TrackCoach-checkManifestLockResult.txt",
			);
			runOnlyForDeploymentPostprocessing = 0;
			shellPath = /bin/sh;
			shellScript = "diff \"${PODS_PODFILE_DIR_PATH}/Podfile.lock\" \"${PODS_ROOT}/Manifest.lock\" > /dev/null\nif [ $? != 0 ] ; then\n    # print error to STDERR\n    echo \"error: The sandbox is not in sync with the Podfile.lock. Run 'pod install' or update your CocoaPods installation.\" >&2\n    exit 1\nfi\n# This output is used by Xcode 'outputs' to avoid re-running this script phase.\necho \"SUCCESS\" > \"${SCRIPT_OUTPUT_FILE_0}\"\n";
			showEnvVarsInLog = 0;
		};
/* End PBXShellScriptBuildPhase section */

/* Begin PBXSourcesBuildPhase section */
		17E788CC186CD5A400AE6FED /* Sources */ = {
			isa = PBXSourcesBuildPhase;
			buildActionMask = 2147483647;
			files = (
				1704DFFE19096A9C000079C4 /* VolumeButtons.m in Sources */,
				179900F718F9027B00E626ED /* TrackCoachUI.m in Sources */,
				17261BF01A6F4277005925F4 /* JVLeftDrawerTableViewController.m in Sources */,
				17261BEF1A6F4277005925F4 /* JVLeftDrawerTableViewCell.m in Sources */,
				179A4FBE18F7985E008994AA /* TutorialViewController.m in Sources */,
				17E788E4186CD5A500AE6FED /* AppDelegate.m in Sources */,
				1703257D18A478230026A4BC /* SettingsViewController.m in Sources */,
				170DB3241A74CF970088DC20 /* Tutorial.m in Sources */,
				1798666F18CCF439002AD404 /* TrackCoachTableViewCell.m in Sources */,
				17E788E0186CD5A500AE6FED /* main.m in Sources */,
				17E788EA186CD5A500AE6FED /* TrackCoachViewController.m in Sources */,
				17049E1018A0C59400052FAD /* RaceTime.m in Sources */,
				17FAD50918A1E24600DC136A /* TrackCoachBrain.m in Sources */,
			);
			runOnlyForDeploymentPostprocessing = 0;
		};
		17E788ED186CD5A500AE6FED /* Sources */ = {
			isa = PBXSourcesBuildPhase;
			buildActionMask = 2147483647;
			files = (
				17F6E2B31A509DB600B8EF7F /* StoryboardSettingsViewControllerTests.m in Sources */,
				17F6E2BA1A510E0100B8EF7F /* AppDelegateTests.m in Sources */,
				1795B6341A69B46700926C16 /* VolumeButtonsTests.m in Sources */,
				173A7B0D1A67958D00EFD155 /* StoryboardTrackCoachTableViewCellTests.m in Sources */,
				173A7B091A6789AF00EFD155 /* TrackCoachBrainTests.m in Sources */,
				170DB3261A74DB9E0088DC20 /* TutorialTests.m in Sources */,
				17F6E2B81A50B8B900B8EF7F /* SettingsViewControllerTests.m in Sources */,
				173A7B0B1A6793BE00EFD155 /* TrackCoachTableViewCellTests.m in Sources */,
				1762BA3B1A4DE324006F08FE /* RaceTimeTests.m in Sources */,
				170E7A111A4F060900393022 /* StoryboardTrackCoachViewControllerTests.m in Sources */,
				17F6E2B61A50B06C00B8EF7F /* TrackCoachViewControllerTests.m in Sources */,
				173A7B0E1A679A8900EFD155 /* TrackCoachUITests.m in Sources */,
			);
			runOnlyForDeploymentPostprocessing = 0;
		};
/* End PBXSourcesBuildPhase section */

/* Begin PBXTargetDependency section */
		17E788F7186CD5A500AE6FED /* PBXTargetDependency */ = {
			isa = PBXTargetDependency;
			target = 17E788CF186CD5A400AE6FED /* TrackCoach */;
			targetProxy = 17E788F6186CD5A500AE6FED /* PBXContainerItemProxy */;
		};
/* End PBXTargetDependency section */

/* Begin PBXVariantGroup section */
		17E788DC186CD5A500AE6FED /* InfoPlist.strings */ = {
			isa = PBXVariantGroup;
			children = (
				17E788DD186CD5A500AE6FED /* en */,
			);
			name = InfoPlist.strings;
			sourceTree = "<group>";
		};
		17E788E5186CD5A500AE6FED /* Main.storyboard */ = {
			isa = PBXVariantGroup;
			children = (
				17E788E6186CD5A500AE6FED /* Base */,
			);
			name = Main.storyboard;
			sourceTree = "<group>";
		};
		17E788FB186CD5A500AE6FED /* InfoPlist.strings */ = {
			isa = PBXVariantGroup;
			children = (
				17E788FC186CD5A500AE6FED /* en */,
			);
			name = InfoPlist.strings;
			sourceTree = "<group>";
		};
/* End PBXVariantGroup section */

/* Begin XCBuildConfiguration section */
		17E78900186CD5A500AE6FED /* Debug */ = {
			isa = XCBuildConfiguration;
			buildSettings = {
				ALWAYS_SEARCH_USER_PATHS = NO;
				CLANG_ANALYZER_LOCALIZABILITY_NONLOCALIZED = YES;
				CLANG_CXX_LANGUAGE_STANDARD = "gnu++0x";
				CLANG_CXX_LIBRARY = "libc++";
				CLANG_ENABLE_MODULES = YES;
				CLANG_ENABLE_OBJC_ARC = YES;
				CLANG_WARN_BLOCK_CAPTURE_AUTORELEASING = YES;
				CLANG_WARN_BOOL_CONVERSION = YES;
				CLANG_WARN_COMMA = YES;
				CLANG_WARN_CONSTANT_CONVERSION = YES;
				CLANG_WARN_DEPRECATED_OBJC_IMPLEMENTATIONS = YES;
				CLANG_WARN_DIRECT_OBJC_ISA_USAGE = YES_ERROR;
				CLANG_WARN_EMPTY_BODY = YES;
				CLANG_WARN_ENUM_CONVERSION = YES;
				CLANG_WARN_INFINITE_RECURSION = YES;
				CLANG_WARN_INT_CONVERSION = YES;
				CLANG_WARN_NON_LITERAL_NULL_CONVERSION = YES;
				CLANG_WARN_OBJC_IMPLICIT_RETAIN_SELF = YES;
				CLANG_WARN_OBJC_LITERAL_CONVERSION = YES;
				CLANG_WARN_OBJC_ROOT_CLASS = YES_ERROR;
				CLANG_WARN_RANGE_LOOP_ANALYSIS = YES;
				CLANG_WARN_STRICT_PROTOTYPES = YES;
				CLANG_WARN_SUSPICIOUS_MOVE = YES;
				CLANG_WARN_UNREACHABLE_CODE = YES;
				CLANG_WARN__DUPLICATE_METHOD_MATCH = YES;
				CODE_SIGN_IDENTITY = "iPhone Developer";
				"CODE_SIGN_IDENTITY[sdk=iphoneos*]" = "iPhone Developer";
				COPY_PHASE_STRIP = NO;
				ENABLE_BITCODE = NO;
				ENABLE_STRICT_OBJC_MSGSEND = YES;
				ENABLE_TESTABILITY = YES;
				GCC_C_LANGUAGE_STANDARD = gnu99;
				GCC_DYNAMIC_NO_PIC = NO;
				GCC_NO_COMMON_BLOCKS = YES;
				GCC_OPTIMIZATION_LEVEL = 0;
				GCC_PREPROCESSOR_DEFINITIONS = (
					"DEBUG=1",
					"$(inherited)",
				);
				GCC_SYMBOLS_PRIVATE_EXTERN = NO;
				GCC_WARN_64_TO_32_BIT_CONVERSION = YES;
				GCC_WARN_ABOUT_RETURN_TYPE = YES_ERROR;
				GCC_WARN_UNDECLARED_SELECTOR = YES;
				GCC_WARN_UNINITIALIZED_AUTOS = YES_AGGRESSIVE;
				GCC_WARN_UNUSED_FUNCTION = YES;
				GCC_WARN_UNUSED_VARIABLE = YES;
				IPHONEOS_DEPLOYMENT_TARGET = 12.4;
				ONLY_ACTIVE_ARCH = YES;
				PROVISIONING_PROFILE = "bf0373ae-5e01-4091-82c9-d51668515abf";
				SDKROOT = iphoneos;
			};
			name = Debug;
		};
		17E78901186CD5A500AE6FED /* Release */ = {
			isa = XCBuildConfiguration;
			buildSettings = {
				ALWAYS_SEARCH_USER_PATHS = NO;
				CLANG_ANALYZER_LOCALIZABILITY_NONLOCALIZED = YES;
				CLANG_CXX_LANGUAGE_STANDARD = "gnu++0x";
				CLANG_CXX_LIBRARY = "libc++";
				CLANG_ENABLE_MODULES = YES;
				CLANG_ENABLE_OBJC_ARC = YES;
				CLANG_WARN_BLOCK_CAPTURE_AUTORELEASING = YES;
				CLANG_WARN_BOOL_CONVERSION = YES;
				CLANG_WARN_COMMA = YES;
				CLANG_WARN_CONSTANT_CONVERSION = YES;
				CLANG_WARN_DEPRECATED_OBJC_IMPLEMENTATIONS = YES;
				CLANG_WARN_DIRECT_OBJC_ISA_USAGE = YES_ERROR;
				CLANG_WARN_EMPTY_BODY = YES;
				CLANG_WARN_ENUM_CONVERSION = YES;
				CLANG_WARN_INFINITE_RECURSION = YES;
				CLANG_WARN_INT_CONVERSION = YES;
				CLANG_WARN_NON_LITERAL_NULL_CONVERSION = YES;
				CLANG_WARN_OBJC_IMPLICIT_RETAIN_SELF = YES;
				CLANG_WARN_OBJC_LITERAL_CONVERSION = YES;
				CLANG_WARN_OBJC_ROOT_CLASS = YES_ERROR;
				CLANG_WARN_RANGE_LOOP_ANALYSIS = YES;
				CLANG_WARN_STRICT_PROTOTYPES = YES;
				CLANG_WARN_SUSPICIOUS_MOVE = YES;
				CLANG_WARN_UNREACHABLE_CODE = YES;
				CLANG_WARN__DUPLICATE_METHOD_MATCH = YES;
				CODE_SIGN_IDENTITY = "iPhone Developer";
				"CODE_SIGN_IDENTITY[sdk=iphoneos*]" = "iPhone Developer";
				COPY_PHASE_STRIP = YES;
				ENABLE_BITCODE = NO;
				ENABLE_NS_ASSERTIONS = NO;
				ENABLE_STRICT_OBJC_MSGSEND = YES;
				GCC_C_LANGUAGE_STANDARD = gnu99;
				GCC_NO_COMMON_BLOCKS = YES;
				GCC_WARN_64_TO_32_BIT_CONVERSION = YES;
				GCC_WARN_ABOUT_RETURN_TYPE = YES_ERROR;
				GCC_WARN_UNDECLARED_SELECTOR = YES;
				GCC_WARN_UNINITIALIZED_AUTOS = YES_AGGRESSIVE;
				GCC_WARN_UNUSED_FUNCTION = YES;
				GCC_WARN_UNUSED_VARIABLE = YES;
				IPHONEOS_DEPLOYMENT_TARGET = 12.4;
				PROVISIONING_PROFILE = "bf0373ae-5e01-4091-82c9-d51668515abf";
				SDKROOT = iphoneos;
				VALIDATE_PRODUCT = YES;
			};
			name = Release;
		};
		17E78903186CD5A500AE6FED /* Debug */ = {
			isa = XCBuildConfiguration;
			baseConfigurationReference = 2CF4389947D99FDFADFCB49C /* Pods-TrackCoach.debug.xcconfig */;
			buildSettings = {
				ASSETCATALOG_COMPILER_APPICON_NAME = AppIcon;
				CODE_SIGN_IDENTITY = "iPhone Developer";
				"CODE_SIGN_IDENTITY[sdk=iphoneos*]" = "iPhone Developer";
				CURRENT_PROJECT_VERSION = "";
				DEVELOPMENT_TEAM = 4G9BHF8NH5;
				ENABLE_BITCODE = NO;
				GCC_PRECOMPILE_PREFIX_HEADER = YES;
				GCC_PREFIX_HEADER = "TrackCoach/TrackCoach-Prefix.pch";
				INFOPLIST_FILE = "$(SRCROOT)/TrackCoach/TrackCoach-Info.plist";
				IPHONEOS_DEPLOYMENT_TARGET = 12.0;
				LIBRARY_SEARCH_PATHS = (
					"$(inherited)",
					"$(PROJECT_DIR)/TrackCoach",
				);
				OTHER_LDFLAGS = (
					"$(inherited)",
					"-ObjC",
					"-l\"sqlite3\"",
					"-l\"z\"",
					"-framework",
					"\"AudioToolbox\"",
					"-framework",
					"\"CFNetwork\"",
					"-framework",
					"\"CoreGraphics\"",
					"-framework",
					"\"CoreLocation\"",
					"-framework",
					"\"Foundation\"",
					"-framework",
					"\"MobileCoreServices\"",
					"-framework",
					"\"QuartzCore\"",
					"-framework",
					"\"Security\"",
					"-framework",
					"\"StoreKit\"",
					"-framework",
					"\"SystemConfiguration\"",
				);
				PRODUCT_BUNDLE_IDENTIFIER = "com.pcarn.${PRODUCT_NAME:rfc1034identifier}";
				PRODUCT_NAME = TrackCoach;
				PROVISIONING_PROFILE = "";
				TARGETED_DEVICE_FAMILY = "1,2";
				WRAPPER_EXTENSION = app;
			};
			name = Debug;
		};
		17E78904186CD5A500AE6FED /* Release */ = {
			isa = XCBuildConfiguration;
			baseConfigurationReference = F12E601BF590B9B6B7CB12FB /* Pods-TrackCoach.release.xcconfig */;
			buildSettings = {
				ASSETCATALOG_COMPILER_APPICON_NAME = AppIcon;
				CODE_SIGN_IDENTITY = "iPhone Developer";
				"CODE_SIGN_IDENTITY[sdk=iphoneos*]" = "iPhone Developer";
				CURRENT_PROJECT_VERSION = "";
				DEVELOPMENT_TEAM = 4G9BHF8NH5;
				ENABLE_BITCODE = NO;
				GCC_PRECOMPILE_PREFIX_HEADER = YES;
				GCC_PREFIX_HEADER = "TrackCoach/TrackCoach-Prefix.pch";
				INFOPLIST_FILE = "$(SRCROOT)/TrackCoach/TrackCoach-Info.plist";
				IPHONEOS_DEPLOYMENT_TARGET = 12.0;
				LIBRARY_SEARCH_PATHS = (
					"$(inherited)",
					"$(PROJECT_DIR)/TrackCoach",
				);
				OTHER_LDFLAGS = (
					"$(inherited)",
					"-ObjC",
					"-l\"sqlite3\"",
					"-l\"z\"",
					"-framework",
					"\"AudioToolbox\"",
					"-framework",
					"\"CFNetwork\"",
					"-framework",
					"\"CoreGraphics\"",
					"-framework",
					"\"CoreLocation\"",
					"-framework",
					"\"Foundation\"",
					"-framework",
					"\"MobileCoreServices\"",
					"-framework",
					"\"QuartzCore\"",
					"-framework",
					"\"Security\"",
					"-framework",
					"\"StoreKit\"",
					"-framework",
					"\"SystemConfiguration\"",
				);
				PRODUCT_BUNDLE_IDENTIFIER = "com.pcarn.${PRODUCT_NAME:rfc1034identifier}";
				PRODUCT_NAME = TrackCoach;
				PROVISIONING_PROFILE = "";
				TARGETED_DEVICE_FAMILY = "1,2";
				WRAPPER_EXTENSION = app;
			};
			name = Release;
		};
		17E78906186CD5A500AE6FED /* Debug */ = {
			isa = XCBuildConfiguration;
			baseConfigurationReference = CF39D8E23E9DF0B5D7318ABF /* Pods-TrackCoachTests.debug.xcconfig */;
			buildSettings = {
				BUNDLE_LOADER = "$(BUILT_PRODUCTS_DIR)/TrackCoach.app/TrackCoach";
				CODE_SIGN_IDENTITY = "iPhone Developer";
				"CODE_SIGN_IDENTITY[sdk=iphoneos*]" = "iPhone Developer";
				FRAMEWORK_SEARCH_PATHS = (
					"$(inherited)",
					"$(DEVELOPER_FRAMEWORKS_DIR)",
				);
				GCC_PRECOMPILE_PREFIX_HEADER = YES;
				GCC_PREFIX_HEADER = "TrackCoach/TrackCoach-Prefix.pch";
				GCC_PREPROCESSOR_DEFINITIONS = (
					"DEBUG=1",
					"$(inherited)",
				);
				HEADER_SEARCH_PATHS = (
					"$(inherited)",
					/Applications/Xcode.app/Contents/Developer/Toolchains/XcodeDefault.xctoolchain/usr/include,
					"$(PROJECT_DIR)/usr/include",
				);
				INFOPLIST_FILE = "TrackCoachTests/TrackCoachTests-Info.plist";
				LIBRARY_SEARCH_PATHS = (
					"$(inherited)",
					"$(PROJECT_DIR)",
					"$(PROJECT_DIR)/usr/lib",
				);
				OTHER_LDFLAGS = (
					"$(inherited)",
					"-framework",
					XCTest,
					"-ObjC",
				);
				PRODUCT_BUNDLE_IDENTIFIER = "com.pcarn.${PRODUCT_NAME:rfc1034identifier}";
				PRODUCT_NAME = TrackCoachTests;
				PROVISIONING_PROFILE = "";
				TEST_HOST = "$(BUNDLE_LOADER)";
				WRAPPER_EXTENSION = xctest;
			};
			name = Debug;
		};
		17E78907186CD5A500AE6FED /* Release */ = {
			isa = XCBuildConfiguration;
			baseConfigurationReference = 28C694AE9A258E71BFEC113F /* Pods-TrackCoachTests.release.xcconfig */;
			buildSettings = {
				BUNDLE_LOADER = "$(BUILT_PRODUCTS_DIR)/TrackCoach.app/TrackCoach";
				CODE_SIGN_IDENTITY = "iPhone Developer";
				"CODE_SIGN_IDENTITY[sdk=iphoneos*]" = "iPhone Developer";
				FRAMEWORK_SEARCH_PATHS = (
					"$(inherited)",
					"$(DEVELOPER_FRAMEWORKS_DIR)",
				);
				GCC_PRECOMPILE_PREFIX_HEADER = YES;
				GCC_PREFIX_HEADER = "TrackCoach/TrackCoach-Prefix.pch";
				HEADER_SEARCH_PATHS = (
					"$(inherited)",
					/Applications/Xcode.app/Contents/Developer/Toolchains/XcodeDefault.xctoolchain/usr/include,
					"$(PROJECT_DIR)/usr/include",
				);
				INFOPLIST_FILE = "TrackCoachTests/TrackCoachTests-Info.plist";
				LIBRARY_SEARCH_PATHS = (
					"$(inherited)",
					"$(PROJECT_DIR)",
					"$(PROJECT_DIR)/usr/lib",
				);
				OTHER_LDFLAGS = (
					"$(inherited)",
					"-framework",
					XCTest,
					"-ObjC",
				);
				PRODUCT_BUNDLE_IDENTIFIER = "com.pcarn.${PRODUCT_NAME:rfc1034identifier}";
				PRODUCT_NAME = TrackCoachTests;
				PROVISIONING_PROFILE = "";
				TEST_HOST = "$(BUNDLE_LOADER)";
				WRAPPER_EXTENSION = xctest;
			};
			name = Release;
		};
/* End XCBuildConfiguration section */

/* Begin XCConfigurationList section */
		17E788CB186CD5A400AE6FED /* Build configuration list for PBXProject "TrackCoach" */ = {
			isa = XCConfigurationList;
			buildConfigurations = (
				17E78900186CD5A500AE6FED /* Debug */,
				17E78901186CD5A500AE6FED /* Release */,
			);
			defaultConfigurationIsVisible = 0;
			defaultConfigurationName = Release;
		};
		17E78902186CD5A500AE6FED /* Build configuration list for PBXNativeTarget "TrackCoach" */ = {
			isa = XCConfigurationList;
			buildConfigurations = (
				17E78903186CD5A500AE6FED /* Debug */,
				17E78904186CD5A500AE6FED /* Release */,
			);
			defaultConfigurationIsVisible = 0;
			defaultConfigurationName = Release;
		};
		17E78905186CD5A500AE6FED /* Build configuration list for PBXNativeTarget "TrackCoachTests" */ = {
			isa = XCConfigurationList;
			buildConfigurations = (
				17E78906186CD5A500AE6FED /* Debug */,
				17E78907186CD5A500AE6FED /* Release */,
			);
			defaultConfigurationIsVisible = 0;
			defaultConfigurationName = Release;
		};
/* End XCConfigurationList section */
	};
	rootObject = 17E788C8186CD5A400AE6FED /* Project object */;
}
